
Microsoft Visual Studio Solution File, Format Version 12.00
# Visual Studio 14
VisualStudioVersion = 14.0.25123.0
MinimumVisualStudioVersion = 10.0.40219.1
Project("{FAE04EC0-301F-11D3-BF4B-00C04F79EFBC}") = "USER_MST_UPDATE", "USER_MST_UPDATE\USER_MST_UPDATE.csproj", "{8B6A3AB0-0160-4686-97F4-56D231590142}"
EndProject
Global
	GlobalSection(SolutionConfigurationPlatforms) = preSolution
		Debug|Any CPU = Debug|Any CPU
		Release|Any CPU = Release|Any CPU
	EndGlobalSection
	GlobalSection(ProjectConfigurationPlatforms) = postSolution
		{8B6A3AB0-0160-4686-97F4-56D231590142}.Debug|Any CPU.ActiveCfg = Debug|Any CPU
		{8B6A3AB0-0160-4686-97F4-56D231590142}.Debug|Any CPU.Build.0 = Debug|Any CPU
		{8B6A3AB0-0160-4686-97F4-56D231590142}.Release|Any CPU.ActiveCfg = Release|Any CPU
		{8B6A3AB0-0160-4686-97F4-56D231590142}.Release|Any CPU.Build.0 = Release|Any CPU
	EndGlobalSection
	GlobalSection(SolutionProperties) = preSolution
		HideSolutionNode = FALSE
	EndGlobalSection
EndGlobal
